{
  "version": 4,
  "terraform_version": "1.3.7",
  "serial": 485,
  "lineage": "c9d6c4c8-106a-d718-96da-8d6d1ca91b94",
  "outputs": {},
  "resources": [
    {
      "module": "module.dns.module.pihole_dns",
      "mode": "managed",
      "type": "null_resource",
      "name": "provisioning",
      "provider": "provider[\"registry.terraform.io/hashicorp/null\"]",
      "instances": [
        {
          "index_key": 0,
          "schema_version": 0,
          "attributes": {
            "id": "3125786023802046505",
            "triggers": {
              "commands_hash": "f62bb97c74fd39e80fc6e6f18b0ce1e1a13062201ddb6072153ad2f622a1471a",
              "container_id": "proxmox/lxc/101"
            }
          },
          "sensitive_attributes": [],
          "dependencies": [
            "module.dns.module.pihole_dns.proxmox_lxc.container"
          ]
        }
      ]
    },
    {
      "module": "module.dns.module.pihole_dns",
      "mode": "managed",
      "type": "proxmox_lxc",
      "name": "container",
      "provider": "provider[\"registry.terraform.io/telmate/proxmox\"]",
      "instances": [
        {
          "schema_version": 0,
          "attributes": {
            "arch": "amd64",
            "bwlimit": 0,
            "clone": null,
            "clone_storage": null,
            "cmode": "tty",
            "console": true,
            "cores": 2,
            "cpulimit": 0,
            "cpuunits": 1024,
            "description": "",
            "features": [],
            "force": false,
            "full": null,
            "hagroup": "",
            "hastate": "",
            "hookscript": "",
            "hostname": "pihole-dns",
            "id": "proxmox/lxc/101",
            "ignore_unpack_errors": false,
            "lock": "",
            "memory": 512,
            "mountpoint": [],
            "nameserver": "1.1.1.1",
            "network": [
              {
                "bridge": "vmbr0",
                "firewall": false,
                "gw": "10.9.6.1",
                "gw6": "",
                "hwaddr": "BC:24:11:33:5F:6D",
                "ip": "10.9.6.101/24",
                "ip6": "",
                "mtu": 0,
                "name": "eth0",
                "rate": 0,
                "tag": 0,
                "trunks": "",
                "type": "veth"
              }
            ],
            "onboot": true,
            "ostemplate": "local:vztmpl/debian-12-standard_12.7-1_amd64.tar.zst",
            "ostype": "debian",
            "password": "Goaround172!",
            "pool": null,
            "protection": false,
            "restore": false,
            "rootfs": [
              {
                "acl": false,
                "quota": false,
                "replicate": false,
                "ro": false,
                "shared": false,
                "size": "8G",
                "storage": "local-lvm",
                "volume": "local-lvm:vm-101-disk-0"
              }
            ],
            "searchdomain": "",
            "ssh_public_keys": "ssh-rsa AAAAB3NzaC1yc2EAAAADAQABAAABgQCzmVT+POs0QXtPHrv9nE0/fJmQ+zvjnQ0hDRwFE/qrMnRmKz5SpjGLvin2yyZDZiQik9cwjjtigYHmRN/xkItTh9upgyHYdPfFne/9ZyZz1C/xvMMzkOOfiLYIox2QY/2eUBSln4ue5vwOwX5GPHWFgP7EZQ5YAO7yt1Jw3PbDLEBzy/pmQT8nT75T2YYckGfKmu3fBvddTo6l1ingBiXCbLdc/x2mmVF17YSZ7+o7PvNhAj/6L0ARbYU6gP2ILf+5yujq8WXLMRGnSPzaMMNotc9e5VaZqPb/JMGmr+PyP/14p4tG9jdvE1NBZHRtSPJqg58RCtH9WEbxql3eTpM2GtlcyNM1gz9Izinm3ksWm9XwcC5mBO+jF+UI4c7fqqmqPqruHYPRmLop1T9aeVzakVP8UStwWOmHqjRlqLc9+l7Rn/mvjSPiU3gtxym8BrCm3K9k2dslVscqnFgAiX+UXM58wtD7dbGQnjxshlgyXCjUoEtOJD6sgqxCZ71kBDk= andrewhossack@andrews-mbp.omaha.aviture.us.com\n",
            "start": true,
            "startup": "",
            "swap": 0,
            "tags": "",
            "target_node": "proxmox",
            "template": false,
            "timeouts": null,
            "tty": 2,
            "unique": false,
            "unprivileged": true,
            "unused": [],
            "vmid": null
          },
          "sensitive_attributes": [
            [
              {
                "type": "get_attr",
                "value": "password"
              }
            ]
          ],
          "private": "eyJlMmJmYjczMC1lY2FhLTExZTYtOGY4OC0zNDM2M2JjN2M0YzAiOnsiY3JlYXRlIjoxMjAwMDAwMDAwMDAwLCJkZWZhdWx0IjoxMjAwMDAwMDAwMDAwLCJkZWxldGUiOjEyMDAwMDAwMDAwMDAsInJlYWQiOjEyMDAwMDAwMDAwMDAsInVwZGF0ZSI6MTIwMDAwMDAwMDAwMH19"
        }
      ]
    },
    {
      "module": "module.home-assistant-os-vm",
      "mode": "managed",
      "type": "null_resource",
      "name": "update_cluster_config",
      "provider": "provider[\"registry.terraform.io/hashicorp/null\"]",
      "instances": [
        {
          "schema_version": 0,
          "attributes": {
            "id": "2697314585012929239",
            "triggers": null
          },
          "sensitive_attributes": []
        }
      ]
    },
    {
      "module": "module.k8s",
      "mode": "managed",
      "type": "null_resource",
      "name": "update_cluster_config",
      "provider": "provider[\"registry.terraform.io/hashicorp/null\"]",
      "instances": [
        {
          "schema_version": 0,
          "attributes": {
            "id": "3900758938413951454",
            "triggers": {
              "commands": "8a4fc3e92f7a1e03926959b46d04230941f2cdce3fa52d1b66ae2f59450bd64c",
              "install_script": "#!/bin/bash\n\nset -euo pipefail\n\n# Function to handle errors\nerror_handler() {\n    local exit_code=$?\n    if [ $exit_code -ne 0 ]; then\n        echo -e \"\\e[31mThe script exited with status ${exit_code}.\\e[0m\" 1\u003e\u00262\n        cleanup\n        exit ${exit_code}\n    fi\n}\n\ntrap error_handler EXIT\n\n# Function to run commands and capture stderr\nrun_cmd() {\n    local cmd=\"$1\"\n    local stderr_file=$(mktemp)\n\n    if ! eval \"$cmd\" \u003e/dev/null 2\u003e$stderr_file; then\n        echo -e \"\\e[31mError\\n Command '$cmd' failed with output:\\e[0m\" 1\u003e\u00262\n        cat $stderr_file | awk '{print \" \\033[31m\" $0 \"\\033[0m\"}' 1\u003e\u00262\n        rm -f $stderr_file\n        exit 1\n    fi\n\n    rm -f $stderr_file\n}\n\n# Function to print OK message\nprint_ok() {\n    echo -e \"\\e[32mOK\\e[0m\"\n}\n\n# Default values\ndf_ubuntu_ver=\"24.04\"\ndf_vm_tmpl_id=\"9000\"\ndf_vm_tmpl_name=\"ubuntu-2404\"\n\n# Prompt for user input\n# read -p \"Enter Ubuntu version (default: ${df_ubuntu_ver}): \" ubuntu_ver\nubuntu_ver=\"${ubuntu_ver:-$df_ubuntu_ver}\"\n\n# read -p \"Enter Proxmox Template ID (default: ${df_vm_tmpl_id}): \" vm_tmpl_id\nvm_tmpl_id=\"${vm_tmpl_id:-$df_vm_tmpl_id}\"\n\n# read -p \"Enter Proxmox Template Name (default: ${df_vm_tmpl_name}): \" vm_tmpl_name\nvm_tmpl_name=\"${vm_tmpl_name:-$df_vm_tmpl_name}\"\n\n# Get list of storages\nstorages=($(pvesm status | awk 'NR\u003e1 {print $1}'))\necho \" Available storages:\"\nfor i in \"${!storages[@]}\"; do\n    echo \"  $i: ${storages[$i]}\"\ndone\n\n# Prompt for user input for storage\n# read -p \"Enter the index number of the storage to put the VM template into (default: 0): \" storage_index\n# default 1 for local-lvm storage option\nstorage_index=\"${storage_index:-1}\"\nvm_disk_storage=\"${storages[$storage_index]}\"\n\n# Construct the Ubuntu image URL based on the version input\nubuntu_img_url=\"https://cloud-images.ubuntu.com/releases/${ubuntu_ver}/release/ubuntu-${ubuntu_ver}-server-cloudimg-amd64.img\"\nubuntu_img_filename=$(basename $ubuntu_img_url)\nubuntu_img_base_url=$(dirname $ubuntu_img_url)\ndf_iso_path=\"/var/lib/vz/template/iso\"\nscript_tmp_path=/tmp/proxmox-scripts\n\ninstall_lib() {\n    local name=\"$1\"\n    echo -n \"Installing $name...\"\n    run_cmd \"apt-get install -y $name\"\n    print_ok\n}\n\ninit() {\n    cleanup\n    install_lib \"libguestfs-tools\"\n    mkdir -p $script_tmp_path\n    cd $script_tmp_path\n}\n\nget_image() {\n    local existing_img=\"$df_iso_path/$ubuntu_img_filename\"\n    local img_sha256sum=$(curl -s $ubuntu_img_base_url/SHA256SUMS | grep $ubuntu_img_filename | awk '{print $1}')\n\n    if [ -f \"$existing_img\" ] \u0026\u0026 [[ $(sha256sum $existing_img | awk '{print $1}') == $img_sha256sum ]]; then\n        echo -n \"The image file exists in Proxmox ISO storage. Copying...\"\n        run_cmd \"cp $existing_img $ubuntu_img_filename\"\n        print_ok\n    else\n        echo -n \"The image file does not exist in Proxmox ISO storage. Downloading...\"\n        run_cmd \"wget $ubuntu_img_url -O $ubuntu_img_filename\"\n        print_ok\n\n        echo -n \"Copying the image to Proxmox ISO storage...\"\n        run_cmd \"cp $ubuntu_img_filename $existing_img\"\n        print_ok\n    fi\n}\n\nenable_cpu_hotplug() {\n    echo -n \"Enabling CPU hotplug...\"\n    run_cmd \"virt-customize -a $ubuntu_img_filename --run-command 'echo \\\"SUBSYSTEM==\\\\\\\"cpu\\\\\\\", ACTION==\\\\\\\"add\\\\\\\", TEST==\\\\\\\"online\\\\\\\", ATTR{online}==\\\\\\\"0\\\\\\\", ATTR{online}=\\\\\\\"1\\\\\\\"\\\" \u003e /lib/udev/rules.d/80-hotplug-cpu.rules'\"\n    print_ok\n}\n\ninstall_qemu_agent() {\n    echo -n \"Installing QEMU guest agent...\"\n    run_cmd \"virt-customize -a $ubuntu_img_filename --run-command 'apt update -y \u0026\u0026 apt install qemu-guest-agent -y \u0026\u0026 systemctl start qemu-guest-agent'\"\n    print_ok\n}\n\nreset_machine_id() {\n    echo -n \"Resetting the machine ID...\"\n    run_cmd \"virt-customize -x -a $ubuntu_img_filename --run-command 'echo -n \u003e/etc/machine-id'\"\n    print_ok\n}\n\ncreate_vm_tmpl() {\n    echo -n \"Creating VM template...\"\n    run_cmd \"qm destroy $vm_tmpl_id --purge || true\"\n    run_cmd \"qm create $vm_tmpl_id --name $vm_tmpl_name --memory 2048 --cores 2 --net0 virtio,bridge=vmbr0\"\n    run_cmd \"qm set $vm_tmpl_id --scsihw virtio-scsi-single\"\n    run_cmd \"qm set $vm_tmpl_id --virtio0 $vm_disk_storage:0,import-from=$script_tmp_path/$ubuntu_img_filename\"\n    run_cmd \"qm set $vm_tmpl_id --boot c --bootdisk virtio0\"\n    run_cmd \"qm set $vm_tmpl_id --ide2 $vm_disk_storage:cloudinit\"\n    run_cmd \"qm set $vm_tmpl_id --serial0 socket --vga serial0\"\n    run_cmd \"qm set $vm_tmpl_id --agent enabled=1,fstrim_cloned_disks=1\"\n    run_cmd \"qm template $vm_tmpl_id\"\n    print_ok\n}\n\ncleanup() {\n    echo -n \"Performing cleanup...\"\n    rm -rf $script_tmp_path\n    print_ok\n}\n\n# Main script execution\ninit\nget_image\nenable_cpu_hotplug\ninstall_qemu_agent\nreset_machine_id\ncreate_vm_tmpl\n"
            }
          },
          "sensitive_attributes": []
        }
      ]
    },
    {
      "module": "module.proxy.module.nginx_container",
      "mode": "managed",
      "type": "null_resource",
      "name": "provisioning",
      "provider": "provider[\"registry.terraform.io/hashicorp/null\"]",
      "instances": [
        {
          "index_key": 0,
          "schema_version": 0,
          "attributes": {
            "id": "7592796602041864069",
            "triggers": {
              "commands_hash": "b6e00ed3c3213a1ae455abc6a57eca7d1eb5e78719d901aac00e466805eca115",
              "container_id": "proxmox/lxc/100"
            }
          },
          "sensitive_attributes": [],
          "dependencies": [
            "module.dns.module.pihole_dns.proxmox_lxc.container",
            "module.proxy.module.nginx_container.proxmox_lxc.container",
            "module.uptime-kuma.module.uptime_kuma_lxc.proxmox_lxc.container"
          ]
        }
      ]
    },
    {
      "module": "module.proxy.module.nginx_container",
      "mode": "managed",
      "type": "proxmox_lxc",
      "name": "container",
      "provider": "provider[\"registry.terraform.io/telmate/proxmox\"]",
      "instances": [
        {
          "schema_version": 0,
          "attributes": {
            "arch": "amd64",
            "bwlimit": 0,
            "clone": null,
            "clone_storage": null,
            "cmode": "tty",
            "console": true,
            "cores": 2,
            "cpulimit": 0,
            "cpuunits": 1024,
            "description": "",
            "features": [],
            "force": false,
            "full": null,
            "hagroup": "",
            "hastate": "",
            "hookscript": "",
            "hostname": "nginx-proxy",
            "id": "proxmox/lxc/100",
            "ignore_unpack_errors": false,
            "lock": "",
            "memory": 512,
            "mountpoint": [],
            "nameserver": "1.1.1.1",
            "network": [
              {
                "bridge": "vmbr0",
                "firewall": false,
                "gw": "10.9.6.1",
                "gw6": "",
                "hwaddr": "BC:24:11:26:99:F4",
                "ip": "10.9.6.100/24",
                "ip6": "",
                "mtu": 0,
                "name": "eth0",
                "rate": 0,
                "tag": 0,
                "trunks": "",
                "type": "veth"
              }
            ],
            "onboot": true,
            "ostemplate": "local:vztmpl/debian-12-standard_12.7-1_amd64.tar.zst",
            "ostype": "debian",
            "password": "Goaround172!",
            "pool": null,
            "protection": false,
            "restore": false,
            "rootfs": [
              {
                "acl": false,
                "quota": false,
                "replicate": false,
                "ro": false,
                "shared": false,
                "size": "8G",
                "storage": "local-lvm",
                "volume": "local-lvm:vm-100-disk-0"
              }
            ],
            "searchdomain": "",
            "ssh_public_keys": "ssh-rsa AAAAB3NzaC1yc2EAAAADAQABAAABgQCzmVT+POs0QXtPHrv9nE0/fJmQ+zvjnQ0hDRwFE/qrMnRmKz5SpjGLvin2yyZDZiQik9cwjjtigYHmRN/xkItTh9upgyHYdPfFne/9ZyZz1C/xvMMzkOOfiLYIox2QY/2eUBSln4ue5vwOwX5GPHWFgP7EZQ5YAO7yt1Jw3PbDLEBzy/pmQT8nT75T2YYckGfKmu3fBvddTo6l1ingBiXCbLdc/x2mmVF17YSZ7+o7PvNhAj/6L0ARbYU6gP2ILf+5yujq8WXLMRGnSPzaMMNotc9e5VaZqPb/JMGmr+PyP/14p4tG9jdvE1NBZHRtSPJqg58RCtH9WEbxql3eTpM2GtlcyNM1gz9Izinm3ksWm9XwcC5mBO+jF+UI4c7fqqmqPqruHYPRmLop1T9aeVzakVP8UStwWOmHqjRlqLc9+l7Rn/mvjSPiU3gtxym8BrCm3K9k2dslVscqnFgAiX+UXM58wtD7dbGQnjxshlgyXCjUoEtOJD6sgqxCZ71kBDk= andrewhossack@andrews-mbp.omaha.aviture.us.com\n",
            "start": true,
            "startup": "",
            "swap": 0,
            "tags": "",
            "target_node": "proxmox",
            "template": false,
            "timeouts": null,
            "tty": 2,
            "unique": false,
            "unprivileged": true,
            "unused": [],
            "vmid": null
          },
          "sensitive_attributes": [
            [
              {
                "type": "get_attr",
                "value": "password"
              }
            ]
          ],
          "private": "eyJlMmJmYjczMC1lY2FhLTExZTYtOGY4OC0zNDM2M2JjN2M0YzAiOnsiY3JlYXRlIjoxMjAwMDAwMDAwMDAwLCJkZWZhdWx0IjoxMjAwMDAwMDAwMDAwLCJkZWxldGUiOjEyMDAwMDAwMDAwMDAsInJlYWQiOjEyMDAwMDAwMDAwMDAsInVwZGF0ZSI6MTIwMDAwMDAwMDAwMH19"
        }
      ]
    },
    {
      "module": "module.uptime-kuma.module.uptime_kuma_lxc",
      "mode": "managed",
      "type": "null_resource",
      "name": "provisioning",
      "provider": "provider[\"registry.terraform.io/hashicorp/null\"]",
      "instances": [
        {
          "index_key": 0,
          "schema_version": 0,
          "attributes": {
            "id": "2865012386706441678",
            "triggers": {
              "commands_hash": "2f3dad22c4eab46dea7acc28d7888c9724d34fb22c41e098f9f547b5558ce732",
              "container_id": "proxmox/lxc/104"
            }
          },
          "sensitive_attributes": [],
          "dependencies": [
            "module.uptime-kuma.module.uptime_kuma_lxc.proxmox_lxc.container"
          ]
        }
      ]
    },
    {
      "module": "module.uptime-kuma.module.uptime_kuma_lxc",
      "mode": "managed",
      "type": "proxmox_lxc",
      "name": "container",
      "provider": "provider[\"registry.terraform.io/telmate/proxmox\"]",
      "instances": [
        {
          "schema_version": 0,
          "attributes": {
            "arch": "amd64",
            "bwlimit": 0,
            "clone": null,
            "clone_storage": null,
            "cmode": "tty",
            "console": true,
            "cores": 2,
            "cpulimit": 0,
            "cpuunits": 1024,
            "description": "",
            "features": [],
            "force": false,
            "full": null,
            "hagroup": "",
            "hastate": "",
            "hookscript": "",
            "hostname": "uptime-kuma",
            "id": "proxmox/lxc/104",
            "ignore_unpack_errors": false,
            "lock": "",
            "memory": 512,
            "mountpoint": [],
            "nameserver": "1.1.1.1",
            "network": [
              {
                "bridge": "vmbr0",
                "firewall": false,
                "gw": "10.9.6.1",
                "gw6": "",
                "hwaddr": "BC:24:11:B2:12:1C",
                "ip": "10.9.6.103/24",
                "ip6": "",
                "mtu": 0,
                "name": "eth0",
                "rate": 0,
                "tag": 0,
                "trunks": "",
                "type": "veth"
              }
            ],
            "onboot": true,
            "ostemplate": "local:vztmpl/debian-12-standard_12.7-1_amd64.tar.zst",
            "ostype": "debian",
            "password": "Goaround172!",
            "pool": null,
            "protection": false,
            "restore": false,
            "rootfs": [
              {
                "acl": false,
                "quota": false,
                "replicate": false,
                "ro": false,
                "shared": false,
                "size": "8G",
                "storage": "local-lvm",
                "volume": "local-lvm:vm-104-disk-0"
              }
            ],
            "searchdomain": "",
            "ssh_public_keys": "ssh-rsa AAAAB3NzaC1yc2EAAAADAQABAAABgQCzmVT+POs0QXtPHrv9nE0/fJmQ+zvjnQ0hDRwFE/qrMnRmKz5SpjGLvin2yyZDZiQik9cwjjtigYHmRN/xkItTh9upgyHYdPfFne/9ZyZz1C/xvMMzkOOfiLYIox2QY/2eUBSln4ue5vwOwX5GPHWFgP7EZQ5YAO7yt1Jw3PbDLEBzy/pmQT8nT75T2YYckGfKmu3fBvddTo6l1ingBiXCbLdc/x2mmVF17YSZ7+o7PvNhAj/6L0ARbYU6gP2ILf+5yujq8WXLMRGnSPzaMMNotc9e5VaZqPb/JMGmr+PyP/14p4tG9jdvE1NBZHRtSPJqg58RCtH9WEbxql3eTpM2GtlcyNM1gz9Izinm3ksWm9XwcC5mBO+jF+UI4c7fqqmqPqruHYPRmLop1T9aeVzakVP8UStwWOmHqjRlqLc9+l7Rn/mvjSPiU3gtxym8BrCm3K9k2dslVscqnFgAiX+UXM58wtD7dbGQnjxshlgyXCjUoEtOJD6sgqxCZ71kBDk= andrewhossack@andrews-mbp.omaha.aviture.us.com\n",
            "start": true,
            "startup": "",
            "swap": 0,
            "tags": "",
            "target_node": "proxmox",
            "template": false,
            "timeouts": null,
            "tty": 2,
            "unique": false,
            "unprivileged": true,
            "unused": [],
            "vmid": null
          },
          "sensitive_attributes": [
            [
              {
                "type": "get_attr",
                "value": "password"
              }
            ]
          ],
          "private": "eyJlMmJmYjczMC1lY2FhLTExZTYtOGY4OC0zNDM2M2JjN2M0YzAiOnsiY3JlYXRlIjoxMjAwMDAwMDAwMDAwLCJkZWZhdWx0IjoxMjAwMDAwMDAwMDAwLCJkZWxldGUiOjEyMDAwMDAwMDAwMDAsInJlYWQiOjEyMDAwMDAwMDAwMDAsInVwZGF0ZSI6MTIwMDAwMDAwMDAwMH19"
        }
      ]
    },
    {
      "module": "module.vpn",
      "mode": "managed",
      "type": "null_resource",
      "name": "start_tailscale",
      "provider": "provider[\"registry.terraform.io/hashicorp/null\"]",
      "instances": [
        {
          "schema_version": 0,
          "attributes": {
            "id": "8749570150739552687",
            "triggers": null
          },
          "sensitive_attributes": [],
          "dependencies": [
            "module.vpn.module.tailscale_container.null_resource.provisioning",
            "module.vpn.module.tailscale_container.proxmox_lxc.container",
            "module.vpn.null_resource.update_cluster_config"
          ]
        }
      ]
    },
    {
      "module": "module.vpn",
      "mode": "managed",
      "type": "null_resource",
      "name": "update_cluster_config",
      "provider": "provider[\"registry.terraform.io/hashicorp/null\"]",
      "instances": [
        {
          "schema_version": 0,
          "attributes": {
            "id": "3650394618759563164",
            "triggers": {
              "container_id": "proxmox/lxc/102"
            }
          },
          "sensitive_attributes": [],
          "dependencies": [
            "module.vpn.module.tailscale_container.null_resource.provisioning",
            "module.vpn.module.tailscale_container.proxmox_lxc.container"
          ]
        }
      ]
    },
    {
      "module": "module.vpn.module.tailscale_container",
      "mode": "managed",
      "type": "null_resource",
      "name": "provisioning",
      "provider": "provider[\"registry.terraform.io/hashicorp/null\"]",
      "instances": [
        {
          "index_key": 0,
          "schema_version": 0,
          "attributes": {
            "id": "3695567031935831455",
            "triggers": {
              "commands_hash": "074f18f512ea7a08fd7868a0f0ca2d4d8525fd380d6573251419957cf908cccd",
              "container_id": "proxmox/lxc/102"
            }
          },
          "sensitive_attributes": [],
          "dependencies": [
            "module.vpn.module.tailscale_container.proxmox_lxc.container"
          ]
        }
      ]
    },
    {
      "module": "module.vpn.module.tailscale_container",
      "mode": "managed",
      "type": "proxmox_lxc",
      "name": "container",
      "provider": "provider[\"registry.terraform.io/telmate/proxmox\"]",
      "instances": [
        {
          "schema_version": 0,
          "attributes": {
            "arch": "amd64",
            "bwlimit": 0,
            "clone": null,
            "clone_storage": null,
            "cmode": "tty",
            "console": true,
            "cores": 2,
            "cpulimit": 0,
            "cpuunits": 1024,
            "description": "",
            "features": [],
            "force": false,
            "full": null,
            "hagroup": "",
            "hastate": "",
            "hookscript": "",
            "hostname": "tailscale-vpn",
            "id": "proxmox/lxc/102",
            "ignore_unpack_errors": false,
            "lock": "",
            "memory": 512,
            "mountpoint": [],
            "nameserver": "1.1.1.1",
            "network": [
              {
                "bridge": "vmbr0",
                "firewall": false,
                "gw": "10.9.6.1",
                "gw6": "",
                "hwaddr": "BC:24:11:8F:BB:B9",
                "ip": "10.9.6.102/24",
                "ip6": "",
                "mtu": 0,
                "name": "eth0",
                "rate": 0,
                "tag": 0,
                "trunks": "",
                "type": "veth"
              }
            ],
            "onboot": true,
            "ostemplate": "local:vztmpl/debian-12-standard_12.7-1_amd64.tar.zst",
            "ostype": "debian",
            "password": "Goaround172!",
            "pool": null,
            "protection": false,
            "restore": false,
            "rootfs": [
              {
                "acl": false,
                "quota": false,
                "replicate": false,
                "ro": false,
                "shared": false,
                "size": "8G",
                "storage": "local-lvm",
                "volume": "local-lvm:vm-102-disk-0"
              }
            ],
            "searchdomain": "",
            "ssh_public_keys": "ssh-rsa AAAAB3NzaC1yc2EAAAADAQABAAABgQCzmVT+POs0QXtPHrv9nE0/fJmQ+zvjnQ0hDRwFE/qrMnRmKz5SpjGLvin2yyZDZiQik9cwjjtigYHmRN/xkItTh9upgyHYdPfFne/9ZyZz1C/xvMMzkOOfiLYIox2QY/2eUBSln4ue5vwOwX5GPHWFgP7EZQ5YAO7yt1Jw3PbDLEBzy/pmQT8nT75T2YYckGfKmu3fBvddTo6l1ingBiXCbLdc/x2mmVF17YSZ7+o7PvNhAj/6L0ARbYU6gP2ILf+5yujq8WXLMRGnSPzaMMNotc9e5VaZqPb/JMGmr+PyP/14p4tG9jdvE1NBZHRtSPJqg58RCtH9WEbxql3eTpM2GtlcyNM1gz9Izinm3ksWm9XwcC5mBO+jF+UI4c7fqqmqPqruHYPRmLop1T9aeVzakVP8UStwWOmHqjRlqLc9+l7Rn/mvjSPiU3gtxym8BrCm3K9k2dslVscqnFgAiX+UXM58wtD7dbGQnjxshlgyXCjUoEtOJD6sgqxCZ71kBDk= andrewhossack@andrews-mbp.omaha.aviture.us.com\n",
            "start": true,
            "startup": "",
            "swap": 0,
            "tags": "",
            "target_node": "proxmox",
            "template": false,
            "timeouts": null,
            "tty": 2,
            "unique": false,
            "unprivileged": true,
            "unused": [],
            "vmid": null
          },
          "sensitive_attributes": [
            [
              {
                "type": "get_attr",
                "value": "password"
              }
            ]
          ],
          "private": "eyJlMmJmYjczMC1lY2FhLTExZTYtOGY4OC0zNDM2M2JjN2M0YzAiOnsiY3JlYXRlIjoxMjAwMDAwMDAwMDAwLCJkZWZhdWx0IjoxMjAwMDAwMDAwMDAwLCJkZWxldGUiOjEyMDAwMDAwMDAwMDAsInJlYWQiOjEyMDAwMDAwMDAwMDAsInVwZGF0ZSI6MTIwMDAwMDAwMDAwMH19"
        }
      ]
    }
  ],
  "check_results": null
}
