{
  "version": 4,
  "terraform_version": "1.3.7",
  "serial": 486,
  "lineage": "c9d6c4c8-106a-d718-96da-8d6d1ca91b94",
  "outputs": {},
  "resources": [
    {
      "module": "module.dns.module.pihole_dns",
      "mode": "managed",
      "type": "null_resource",
      "name": "provisioning",
      "provider": "provider[\"registry.terraform.io/hashicorp/null\"]",
      "instances": [
        {
          "index_key": 0,
          "schema_version": 0,
          "attributes": {
            "id": "3125786023802046505",
            "triggers": {
              "commands_hash": "f62bb97c74fd39e80fc6e6f18b0ce1e1a13062201ddb6072153ad2f622a1471a",
              "container_id": "proxmox/lxc/101"
            }
          },
          "sensitive_attributes": [],
          "dependencies": [
            "module.dns.module.pihole_dns.proxmox_lxc.container"
          ]
        }
      ]
    },
    {
      "module": "module.dns.module.pihole_dns",
      "mode": "managed",
      "type": "proxmox_lxc",
      "name": "container",
      "provider": "provider[\"registry.terraform.io/telmate/proxmox\"]",
      "instances": [
        {
          "schema_version": 0,
          "attributes": {
            "arch": "amd64",
            "bwlimit": 0,
            "clone": null,
            "clone_storage": null,
            "cmode": "tty",
            "console": true,
            "cores": 2,
            "cpulimit": 0,
            "cpuunits": 1024,
            "description": "",
            "features": [],
            "force": false,
            "full": null,
            "hagroup": "",
            "hastate": "",
            "hookscript": "",
            "hostname": "pihole-dns",
            "id": "proxmox/lxc/101",
            "ignore_unpack_errors": false,
            "lock": "",
            "memory": 512,
            "mountpoint": [],
            "nameserver": "1.1.1.1",
            "network": [
              {
                "bridge": "vmbr0",
                "firewall": false,
                "gw": "10.9.6.1",
                "gw6": "",
                "hwaddr": "BC:24:11:33:5F:6D",
                "ip": "10.9.6.101/24",
                "ip6": "",
                "mtu": 0,
                "name": "eth0",
                "rate": 0,
                "tag": 0,
                "trunks": "",
                "type": "veth"
              }
            ],
            "onboot": true,
            "ostemplate": "local:vztmpl/debian-12-standard_12.7-1_amd64.tar.zst",
            "ostype": "debian",
            "password": "Goaround172!",
            "pool": null,
            "protection": false,
            "restore": false,
            "rootfs": [
              {
                "acl": false,
                "quota": false,
                "replicate": false,
                "ro": false,
                "shared": false,
                "size": "8G",
                "storage": "local-lvm",
                "volume": "local-lvm:vm-101-disk-0"
              }
            ],
            "searchdomain": "",
            "ssh_public_keys": "ssh-rsa AAAAB3NzaC1yc2EAAAADAQABAAABgQCzmVT+POs0QXtPHrv9nE0/fJmQ+zvjnQ0hDRwFE/qrMnRmKz5SpjGLvin2yyZDZiQik9cwjjtigYHmRN/xkItTh9upgyHYdPfFne/9ZyZz1C/xvMMzkOOfiLYIox2QY/2eUBSln4ue5vwOwX5GPHWFgP7EZQ5YAO7yt1Jw3PbDLEBzy/pmQT8nT75T2YYckGfKmu3fBvddTo6l1ingBiXCbLdc/x2mmVF17YSZ7+o7PvNhAj/6L0ARbYU6gP2ILf+5yujq8WXLMRGnSPzaMMNotc9e5VaZqPb/JMGmr+PyP/14p4tG9jdvE1NBZHRtSPJqg58RCtH9WEbxql3eTpM2GtlcyNM1gz9Izinm3ksWm9XwcC5mBO+jF+UI4c7fqqmqPqruHYPRmLop1T9aeVzakVP8UStwWOmHqjRlqLc9+l7Rn/mvjSPiU3gtxym8BrCm3K9k2dslVscqnFgAiX+UXM58wtD7dbGQnjxshlgyXCjUoEtOJD6sgqxCZ71kBDk= andrewhossack@andrews-mbp.omaha.aviture.us.com\n",
            "start": true,
            "startup": "",
            "swap": 0,
            "tags": "",
            "target_node": "proxmox",
            "template": false,
            "timeouts": null,
            "tty": 2,
            "unique": false,
            "unprivileged": true,
            "unused": [],
            "vmid": null
          },
          "sensitive_attributes": [
            [
              {
                "type": "get_attr",
                "value": "password"
              }
            ]
          ],
          "private": "eyJlMmJmYjczMC1lY2FhLTExZTYtOGY4OC0zNDM2M2JjN2M0YzAiOnsiY3JlYXRlIjoxMjAwMDAwMDAwMDAwLCJkZWZhdWx0IjoxMjAwMDAwMDAwMDAwLCJkZWxldGUiOjEyMDAwMDAwMDAwMDAsInJlYWQiOjEyMDAwMDAwMDAwMDAsInVwZGF0ZSI6MTIwMDAwMDAwMDAwMH19"
        }
      ]
    },
    {
      "module": "module.home-assistant-os-vm",
      "mode": "managed",
      "type": "null_resource",
      "name": "update_cluster_config",
      "provider": "provider[\"registry.terraform.io/hashicorp/null\"]",
      "instances": [
        {
          "schema_version": 0,
          "attributes": {
            "id": "2697314585012929239",
            "triggers": null
          },
          "sensitive_attributes": []
        }
      ]
    },
    {
      "module": "module.proxy.module.nginx_container",
      "mode": "managed",
      "type": "null_resource",
      "name": "provisioning",
      "provider": "provider[\"registry.terraform.io/hashicorp/null\"]",
      "instances": [
        {
          "index_key": 0,
          "schema_version": 0,
          "attributes": {
            "id": "7592796602041864069",
            "triggers": {
              "commands_hash": "b6e00ed3c3213a1ae455abc6a57eca7d1eb5e78719d901aac00e466805eca115",
              "container_id": "proxmox/lxc/100"
            }
          },
          "sensitive_attributes": [],
          "dependencies": [
            "module.dns.module.pihole_dns.proxmox_lxc.container",
            "module.proxy.module.nginx_container.proxmox_lxc.container",
            "module.uptime-kuma.module.uptime_kuma_lxc.proxmox_lxc.container"
          ]
        }
      ]
    },
    {
      "module": "module.proxy.module.nginx_container",
      "mode": "managed",
      "type": "proxmox_lxc",
      "name": "container",
      "provider": "provider[\"registry.terraform.io/telmate/proxmox\"]",
      "instances": [
        {
          "schema_version": 0,
          "attributes": {
            "arch": "amd64",
            "bwlimit": 0,
            "clone": null,
            "clone_storage": null,
            "cmode": "tty",
            "console": true,
            "cores": 2,
            "cpulimit": 0,
            "cpuunits": 1024,
            "description": "",
            "features": [],
            "force": false,
            "full": null,
            "hagroup": "",
            "hastate": "",
            "hookscript": "",
            "hostname": "nginx-proxy",
            "id": "proxmox/lxc/100",
            "ignore_unpack_errors": false,
            "lock": "",
            "memory": 512,
            "mountpoint": [],
            "nameserver": "1.1.1.1",
            "network": [
              {
                "bridge": "vmbr0",
                "firewall": false,
                "gw": "10.9.6.1",
                "gw6": "",
                "hwaddr": "BC:24:11:26:99:F4",
                "ip": "10.9.6.100/24",
                "ip6": "",
                "mtu": 0,
                "name": "eth0",
                "rate": 0,
                "tag": 0,
                "trunks": "",
                "type": "veth"
              }
            ],
            "onboot": true,
            "ostemplate": "local:vztmpl/debian-12-standard_12.7-1_amd64.tar.zst",
            "ostype": "debian",
            "password": "Goaround172!",
            "pool": null,
            "protection": false,
            "restore": false,
            "rootfs": [
              {
                "acl": false,
                "quota": false,
                "replicate": false,
                "ro": false,
                "shared": false,
                "size": "8G",
                "storage": "local-lvm",
                "volume": "local-lvm:vm-100-disk-0"
              }
            ],
            "searchdomain": "",
            "ssh_public_keys": "ssh-rsa AAAAB3NzaC1yc2EAAAADAQABAAABgQCzmVT+POs0QXtPHrv9nE0/fJmQ+zvjnQ0hDRwFE/qrMnRmKz5SpjGLvin2yyZDZiQik9cwjjtigYHmRN/xkItTh9upgyHYdPfFne/9ZyZz1C/xvMMzkOOfiLYIox2QY/2eUBSln4ue5vwOwX5GPHWFgP7EZQ5YAO7yt1Jw3PbDLEBzy/pmQT8nT75T2YYckGfKmu3fBvddTo6l1ingBiXCbLdc/x2mmVF17YSZ7+o7PvNhAj/6L0ARbYU6gP2ILf+5yujq8WXLMRGnSPzaMMNotc9e5VaZqPb/JMGmr+PyP/14p4tG9jdvE1NBZHRtSPJqg58RCtH9WEbxql3eTpM2GtlcyNM1gz9Izinm3ksWm9XwcC5mBO+jF+UI4c7fqqmqPqruHYPRmLop1T9aeVzakVP8UStwWOmHqjRlqLc9+l7Rn/mvjSPiU3gtxym8BrCm3K9k2dslVscqnFgAiX+UXM58wtD7dbGQnjxshlgyXCjUoEtOJD6sgqxCZ71kBDk= andrewhossack@andrews-mbp.omaha.aviture.us.com\n",
            "start": true,
            "startup": "",
            "swap": 0,
            "tags": "",
            "target_node": "proxmox",
            "template": false,
            "timeouts": null,
            "tty": 2,
            "unique": false,
            "unprivileged": true,
            "unused": [],
            "vmid": null
          },
          "sensitive_attributes": [
            [
              {
                "type": "get_attr",
                "value": "password"
              }
            ]
          ],
          "private": "eyJlMmJmYjczMC1lY2FhLTExZTYtOGY4OC0zNDM2M2JjN2M0YzAiOnsiY3JlYXRlIjoxMjAwMDAwMDAwMDAwLCJkZWZhdWx0IjoxMjAwMDAwMDAwMDAwLCJkZWxldGUiOjEyMDAwMDAwMDAwMDAsInJlYWQiOjEyMDAwMDAwMDAwMDAsInVwZGF0ZSI6MTIwMDAwMDAwMDAwMH19"
        }
      ]
    },
    {
      "module": "module.uptime-kuma.module.uptime_kuma_lxc",
      "mode": "managed",
      "type": "null_resource",
      "name": "provisioning",
      "provider": "provider[\"registry.terraform.io/hashicorp/null\"]",
      "instances": [
        {
          "index_key": 0,
          "schema_version": 0,
          "attributes": {
            "id": "2865012386706441678",
            "triggers": {
              "commands_hash": "2f3dad22c4eab46dea7acc28d7888c9724d34fb22c41e098f9f547b5558ce732",
              "container_id": "proxmox/lxc/104"
            }
          },
          "sensitive_attributes": [],
          "dependencies": [
            "module.uptime-kuma.module.uptime_kuma_lxc.proxmox_lxc.container"
          ]
        }
      ]
    },
    {
      "module": "module.uptime-kuma.module.uptime_kuma_lxc",
      "mode": "managed",
      "type": "proxmox_lxc",
      "name": "container",
      "provider": "provider[\"registry.terraform.io/telmate/proxmox\"]",
      "instances": [
        {
          "schema_version": 0,
          "attributes": {
            "arch": "amd64",
            "bwlimit": 0,
            "clone": null,
            "clone_storage": null,
            "cmode": "tty",
            "console": true,
            "cores": 2,
            "cpulimit": 0,
            "cpuunits": 1024,
            "description": "",
            "features": [],
            "force": false,
            "full": null,
            "hagroup": "",
            "hastate": "",
            "hookscript": "",
            "hostname": "uptime-kuma",
            "id": "proxmox/lxc/104",
            "ignore_unpack_errors": false,
            "lock": "",
            "memory": 512,
            "mountpoint": [],
            "nameserver": "1.1.1.1",
            "network": [
              {
                "bridge": "vmbr0",
                "firewall": false,
                "gw": "10.9.6.1",
                "gw6": "",
                "hwaddr": "BC:24:11:B2:12:1C",
                "ip": "10.9.6.103/24",
                "ip6": "",
                "mtu": 0,
                "name": "eth0",
                "rate": 0,
                "tag": 0,
                "trunks": "",
                "type": "veth"
              }
            ],
            "onboot": true,
            "ostemplate": "local:vztmpl/debian-12-standard_12.7-1_amd64.tar.zst",
            "ostype": "debian",
            "password": "Goaround172!",
            "pool": null,
            "protection": false,
            "restore": false,
            "rootfs": [
              {
                "acl": false,
                "quota": false,
                "replicate": false,
                "ro": false,
                "shared": false,
                "size": "8G",
                "storage": "local-lvm",
                "volume": "local-lvm:vm-104-disk-0"
              }
            ],
            "searchdomain": "",
            "ssh_public_keys": "ssh-rsa AAAAB3NzaC1yc2EAAAADAQABAAABgQCzmVT+POs0QXtPHrv9nE0/fJmQ+zvjnQ0hDRwFE/qrMnRmKz5SpjGLvin2yyZDZiQik9cwjjtigYHmRN/xkItTh9upgyHYdPfFne/9ZyZz1C/xvMMzkOOfiLYIox2QY/2eUBSln4ue5vwOwX5GPHWFgP7EZQ5YAO7yt1Jw3PbDLEBzy/pmQT8nT75T2YYckGfKmu3fBvddTo6l1ingBiXCbLdc/x2mmVF17YSZ7+o7PvNhAj/6L0ARbYU6gP2ILf+5yujq8WXLMRGnSPzaMMNotc9e5VaZqPb/JMGmr+PyP/14p4tG9jdvE1NBZHRtSPJqg58RCtH9WEbxql3eTpM2GtlcyNM1gz9Izinm3ksWm9XwcC5mBO+jF+UI4c7fqqmqPqruHYPRmLop1T9aeVzakVP8UStwWOmHqjRlqLc9+l7Rn/mvjSPiU3gtxym8BrCm3K9k2dslVscqnFgAiX+UXM58wtD7dbGQnjxshlgyXCjUoEtOJD6sgqxCZ71kBDk= andrewhossack@andrews-mbp.omaha.aviture.us.com\n",
            "start": true,
            "startup": "",
            "swap": 0,
            "tags": "",
            "target_node": "proxmox",
            "template": false,
            "timeouts": null,
            "tty": 2,
            "unique": false,
            "unprivileged": true,
            "unused": [],
            "vmid": null
          },
          "sensitive_attributes": [
            [
              {
                "type": "get_attr",
                "value": "password"
              }
            ]
          ],
          "private": "eyJlMmJmYjczMC1lY2FhLTExZTYtOGY4OC0zNDM2M2JjN2M0YzAiOnsiY3JlYXRlIjoxMjAwMDAwMDAwMDAwLCJkZWZhdWx0IjoxMjAwMDAwMDAwMDAwLCJkZWxldGUiOjEyMDAwMDAwMDAwMDAsInJlYWQiOjEyMDAwMDAwMDAwMDAsInVwZGF0ZSI6MTIwMDAwMDAwMDAwMH19"
        }
      ]
    },
    {
      "module": "module.vpn",
      "mode": "managed",
      "type": "null_resource",
      "name": "start_tailscale",
      "provider": "provider[\"registry.terraform.io/hashicorp/null\"]",
      "instances": [
        {
          "schema_version": 0,
          "attributes": {
            "id": "8749570150739552687",
            "triggers": null
          },
          "sensitive_attributes": [],
          "dependencies": [
            "module.vpn.module.tailscale_container.null_resource.provisioning",
            "module.vpn.module.tailscale_container.proxmox_lxc.container",
            "module.vpn.null_resource.update_cluster_config"
          ]
        }
      ]
    },
    {
      "module": "module.vpn",
      "mode": "managed",
      "type": "null_resource",
      "name": "update_cluster_config",
      "provider": "provider[\"registry.terraform.io/hashicorp/null\"]",
      "instances": [
        {
          "schema_version": 0,
          "attributes": {
            "id": "3650394618759563164",
            "triggers": {
              "container_id": "proxmox/lxc/102"
            }
          },
          "sensitive_attributes": [],
          "dependencies": [
            "module.vpn.module.tailscale_container.null_resource.provisioning",
            "module.vpn.module.tailscale_container.proxmox_lxc.container"
          ]
        }
      ]
    },
    {
      "module": "module.vpn.module.tailscale_container",
      "mode": "managed",
      "type": "null_resource",
      "name": "provisioning",
      "provider": "provider[\"registry.terraform.io/hashicorp/null\"]",
      "instances": [
        {
          "index_key": 0,
          "schema_version": 0,
          "attributes": {
            "id": "3695567031935831455",
            "triggers": {
              "commands_hash": "074f18f512ea7a08fd7868a0f0ca2d4d8525fd380d6573251419957cf908cccd",
              "container_id": "proxmox/lxc/102"
            }
          },
          "sensitive_attributes": [],
          "dependencies": [
            "module.vpn.module.tailscale_container.proxmox_lxc.container"
          ]
        }
      ]
    },
    {
      "module": "module.vpn.module.tailscale_container",
      "mode": "managed",
      "type": "proxmox_lxc",
      "name": "container",
      "provider": "provider[\"registry.terraform.io/telmate/proxmox\"]",
      "instances": [
        {
          "schema_version": 0,
          "attributes": {
            "arch": "amd64",
            "bwlimit": 0,
            "clone": null,
            "clone_storage": null,
            "cmode": "tty",
            "console": true,
            "cores": 2,
            "cpulimit": 0,
            "cpuunits": 1024,
            "description": "",
            "features": [],
            "force": false,
            "full": null,
            "hagroup": "",
            "hastate": "",
            "hookscript": "",
            "hostname": "tailscale-vpn",
            "id": "proxmox/lxc/102",
            "ignore_unpack_errors": false,
            "lock": "",
            "memory": 512,
            "mountpoint": [],
            "nameserver": "1.1.1.1",
            "network": [
              {
                "bridge": "vmbr0",
                "firewall": false,
                "gw": "10.9.6.1",
                "gw6": "",
                "hwaddr": "BC:24:11:8F:BB:B9",
                "ip": "10.9.6.102/24",
                "ip6": "",
                "mtu": 0,
                "name": "eth0",
                "rate": 0,
                "tag": 0,
                "trunks": "",
                "type": "veth"
              }
            ],
            "onboot": true,
            "ostemplate": "local:vztmpl/debian-12-standard_12.7-1_amd64.tar.zst",
            "ostype": "debian",
            "password": "Goaround172!",
            "pool": null,
            "protection": false,
            "restore": false,
            "rootfs": [
              {
                "acl": false,
                "quota": false,
                "replicate": false,
                "ro": false,
                "shared": false,
                "size": "8G",
                "storage": "local-lvm",
                "volume": "local-lvm:vm-102-disk-0"
              }
            ],
            "searchdomain": "",
            "ssh_public_keys": "ssh-rsa AAAAB3NzaC1yc2EAAAADAQABAAABgQCzmVT+POs0QXtPHrv9nE0/fJmQ+zvjnQ0hDRwFE/qrMnRmKz5SpjGLvin2yyZDZiQik9cwjjtigYHmRN/xkItTh9upgyHYdPfFne/9ZyZz1C/xvMMzkOOfiLYIox2QY/2eUBSln4ue5vwOwX5GPHWFgP7EZQ5YAO7yt1Jw3PbDLEBzy/pmQT8nT75T2YYckGfKmu3fBvddTo6l1ingBiXCbLdc/x2mmVF17YSZ7+o7PvNhAj/6L0ARbYU6gP2ILf+5yujq8WXLMRGnSPzaMMNotc9e5VaZqPb/JMGmr+PyP/14p4tG9jdvE1NBZHRtSPJqg58RCtH9WEbxql3eTpM2GtlcyNM1gz9Izinm3ksWm9XwcC5mBO+jF+UI4c7fqqmqPqruHYPRmLop1T9aeVzakVP8UStwWOmHqjRlqLc9+l7Rn/mvjSPiU3gtxym8BrCm3K9k2dslVscqnFgAiX+UXM58wtD7dbGQnjxshlgyXCjUoEtOJD6sgqxCZ71kBDk= andrewhossack@andrews-mbp.omaha.aviture.us.com\n",
            "start": true,
            "startup": "",
            "swap": 0,
            "tags": "",
            "target_node": "proxmox",
            "template": false,
            "timeouts": null,
            "tty": 2,
            "unique": false,
            "unprivileged": true,
            "unused": [],
            "vmid": null
          },
          "sensitive_attributes": [
            [
              {
                "type": "get_attr",
                "value": "password"
              }
            ]
          ],
          "private": "eyJlMmJmYjczMC1lY2FhLTExZTYtOGY4OC0zNDM2M2JjN2M0YzAiOnsiY3JlYXRlIjoxMjAwMDAwMDAwMDAwLCJkZWZhdWx0IjoxMjAwMDAwMDAwMDAwLCJkZWxldGUiOjEyMDAwMDAwMDAwMDAsInJlYWQiOjEyMDAwMDAwMDAwMDAsInVwZGF0ZSI6MTIwMDAwMDAwMDAwMH19"
        }
      ]
    }
  ],
  "check_results": null
}
